
Microsoft Visual Studio Solution File, Format Version 12.00
# Visual Studio Version 16
VisualStudioVersion = 16.0.31729.503
MinimumVisualStudioVersion = 10.0.40219.1
Project("{9A19103F-16F7-4668-BE54-9A1E7A4F7556}") = "InDEVstockWebApp", "InDEVstockWebApp.csproj", "{A213C592-7A3B-416D-B6FD-7EB148326476}"
EndProject
Global
	GlobalSection(SolutionConfigurationPlatforms) = preSolution
		Debug|Any CPU = Debug|Any CPU
		Release|Any CPU = Release|Any CPU
	EndGlobalSection
	GlobalSection(ProjectConfigurationPlatforms) = postSolution
		{A213C592-7A3B-416D-B6FD-7EB148326476}.Debug|Any CPU.ActiveCfg = Debug|Any CPU
		{A213C592-7A3B-416D-B6FD-7EB148326476}.Debug|Any CPU.Build.0 = Debug|Any CPU
		{A213C592-7A3B-416D-B6FD-7EB148326476}.Release|Any CPU.ActiveCfg = Release|Any CPU
		{A213C592-7A3B-416D-B6FD-7EB148326476}.Release|Any CPU.Build.0 = Release|Any CPU
	EndGlobalSection
	GlobalSection(SolutionProperties) = preSolution
		HideSolutionNode = FALSE
	EndGlobalSection
	GlobalSection(ExtensibilityGlobals) = postSolution
		SolutionGuid = {A4165D71-0041-49A0-B82D-5229E2DB0A19}
	EndGlobalSection
EndGlobal
